
Microsoft Visual Studio Solution File, Format Version 12.00
# Visual Studio Version 17
VisualStudioVersion = 17.12.35527.113
MinimumVisualStudioVersion = 10.0.40219.1
Project("{FAE04EC0-301F-11D3-BF4B-00C04F79EFBC}") = "Zadanie 1", "Zadanie 1\Zadanie 1.csproj", "{8C72C4C5-3734-4BEC-BC85-48987F156C60}"
EndProject
Project("{FAE04EC0-301F-11D3-BF4B-00C04F79EFBC}") = "Zadanie 2", "Zadanie 2\Zadanie 2.csproj", "{10A5ECC5-FC0E-458C-822F-A95A4137B32C}"
EndProject
Project("{FAE04EC0-301F-11D3-BF4B-00C04F79EFBC}") = "Zadanie 3", "Zadanie 3\Zadanie 3.csproj", "{007C6FEB-CFEB-43EE-9342-3B890A100268}"
EndProject
Project("{FAE04EC0-301F-11D3-BF4B-00C04F79EFBC}") = "zadanie4", "zadanie4\zadanie4.csproj", "{4E8C20DA-4D72-4D54-BD45-66E37C45BB6A}"
EndProject
Project("{FAE04EC0-301F-11D3-BF4B-00C04F79EFBC}") = "Zadanie 5", "Zadanie 5\Zadanie 5.csproj", "{E13ECC99-50D5-4C06-9B8D-0975644F52B2}"
EndProject
Project("{FAE04EC0-301F-11D3-BF4B-00C04F79EFBC}") = "Zadanie 6", "Zadanie 6\Zadanie 6.csproj", "{21A430EE-7434-4B60-BE2F-CCC998FDBF45}"
EndProject
Project("{FAE04EC0-301F-11D3-BF4B-00C04F79EFBC}") = "Zadanie 7", "Zadanie 7\Zadanie 7.csproj", "{85C71BE8-7619-4E82-89EE-B3E66AE2E901}"
EndProject
Project("{FAE04EC0-301F-11D3-BF4B-00C04F79EFBC}") = "Zadanie 8", "Zadanie 8\Zadanie 8.csproj", "{5111B59E-3A8A-4A6B-9070-5BEA7FC7F82D}"
EndProject
Project("{FAE04EC0-301F-11D3-BF4B-00C04F79EFBC}") = "Zadanie 9", "Zadanie 9\Zadanie 9.csproj", "{3756784B-D314-4666-B2CE-98D24EC8A1AB}"
EndProject
Project("{FAE04EC0-301F-11D3-BF4B-00C04F79EFBC}") = "Zadanie 10", "Zadanie 10\Zadanie 10.csproj", "{B76D81AA-E381-4BC6-8FE9-E2ED64366559}"
EndProject
Global
	GlobalSection(SolutionConfigurationPlatforms) = preSolution
		Debug|Any CPU = Debug|Any CPU
		Release|Any CPU = Release|Any CPU
	EndGlobalSection
	GlobalSection(ProjectConfigurationPlatforms) = postSolution
		{8C72C4C5-3734-4BEC-BC85-48987F156C60}.Debug|Any CPU.ActiveCfg = Debug|Any CPU
		{8C72C4C5-3734-4BEC-BC85-48987F156C60}.Debug|Any CPU.Build.0 = Debug|Any CPU
		{8C72C4C5-3734-4BEC-BC85-48987F156C60}.Release|Any CPU.ActiveCfg = Release|Any CPU
		{8C72C4C5-3734-4BEC-BC85-48987F156C60}.Release|Any CPU.Build.0 = Release|Any CPU
		{10A5ECC5-FC0E-458C-822F-A95A4137B32C}.Debug|Any CPU.ActiveCfg = Debug|Any CPU
		{10A5ECC5-FC0E-458C-822F-A95A4137B32C}.Debug|Any CPU.Build.0 = Debug|Any CPU
		{10A5ECC5-FC0E-458C-822F-A95A4137B32C}.Release|Any CPU.ActiveCfg = Release|Any CPU
		{10A5ECC5-FC0E-458C-822F-A95A4137B32C}.Release|Any CPU.Build.0 = Release|Any CPU
		{007C6FEB-CFEB-43EE-9342-3B890A100268}.Debug|Any CPU.ActiveCfg = Debug|Any CPU
		{007C6FEB-CFEB-43EE-9342-3B890A100268}.Debug|Any CPU.Build.0 = Debug|Any CPU
		{007C6FEB-CFEB-43EE-9342-3B890A100268}.Release|Any CPU.ActiveCfg = Release|Any CPU
		{007C6FEB-CFEB-43EE-9342-3B890A100268}.Release|Any CPU.Build.0 = Release|Any CPU
		{4E8C20DA-4D72-4D54-BD45-66E37C45BB6A}.Debug|Any CPU.ActiveCfg = Debug|Any CPU
		{4E8C20DA-4D72-4D54-BD45-66E37C45BB6A}.Debug|Any CPU.Build.0 = Debug|Any CPU
		{4E8C20DA-4D72-4D54-BD45-66E37C45BB6A}.Release|Any CPU.ActiveCfg = Release|Any CPU
		{4E8C20DA-4D72-4D54-BD45-66E37C45BB6A}.Release|Any CPU.Build.0 = Release|Any CPU
		{E13ECC99-50D5-4C06-9B8D-0975644F52B2}.Debug|Any CPU.ActiveCfg = Debug|Any CPU
		{E13ECC99-50D5-4C06-9B8D-0975644F52B2}.Debug|Any CPU.Build.0 = Debug|Any CPU
		{E13ECC99-50D5-4C06-9B8D-0975644F52B2}.Release|Any CPU.ActiveCfg = Release|Any CPU
		{E13ECC99-50D5-4C06-9B8D-0975644F52B2}.Release|Any CPU.Build.0 = Release|Any CPU
		{21A430EE-7434-4B60-BE2F-CCC998FDBF45}.Debug|Any CPU.ActiveCfg = Debug|Any CPU
		{21A430EE-7434-4B60-BE2F-CCC998FDBF45}.Debug|Any CPU.Build.0 = Debug|Any CPU
		{21A430EE-7434-4B60-BE2F-CCC998FDBF45}.Release|Any CPU.ActiveCfg = Release|Any CPU
		{21A430EE-7434-4B60-BE2F-CCC998FDBF45}.Release|Any CPU.Build.0 = Release|Any CPU
		{85C71BE8-7619-4E82-89EE-B3E66AE2E901}.Debug|Any CPU.ActiveCfg = Debug|Any CPU
		{85C71BE8-7619-4E82-89EE-B3E66AE2E901}.Debug|Any CPU.Build.0 = Debug|Any CPU
		{85C71BE8-7619-4E82-89EE-B3E66AE2E901}.Release|Any CPU.ActiveCfg = Release|Any CPU
		{85C71BE8-7619-4E82-89EE-B3E66AE2E901}.Release|Any CPU.Build.0 = Release|Any CPU
		{5111B59E-3A8A-4A6B-9070-5BEA7FC7F82D}.Debug|Any CPU.ActiveCfg = Debug|Any CPU
		{5111B59E-3A8A-4A6B-9070-5BEA7FC7F82D}.Debug|Any CPU.Build.0 = Debug|Any CPU
		{5111B59E-3A8A-4A6B-9070-5BEA7FC7F82D}.Release|Any CPU.ActiveCfg = Release|Any CPU
		{5111B59E-3A8A-4A6B-9070-5BEA7FC7F82D}.Release|Any CPU.Build.0 = Release|Any CPU
		{3756784B-D314-4666-B2CE-98D24EC8A1AB}.Debug|Any CPU.ActiveCfg = Debug|Any CPU
		{3756784B-D314-4666-B2CE-98D24EC8A1AB}.Debug|Any CPU.Build.0 = Debug|Any CPU
		{3756784B-D314-4666-B2CE-98D24EC8A1AB}.Release|Any CPU.ActiveCfg = Release|Any CPU
		{3756784B-D314-4666-B2CE-98D24EC8A1AB}.Release|Any CPU.Build.0 = Release|Any CPU
		{B76D81AA-E381-4BC6-8FE9-E2ED64366559}.Debug|Any CPU.ActiveCfg = Debug|Any CPU
		{B76D81AA-E381-4BC6-8FE9-E2ED64366559}.Debug|Any CPU.Build.0 = Debug|Any CPU
		{B76D81AA-E381-4BC6-8FE9-E2ED64366559}.Release|Any CPU.ActiveCfg = Release|Any CPU
		{B76D81AA-E381-4BC6-8FE9-E2ED64366559}.Release|Any CPU.Build.0 = Release|Any CPU
	EndGlobalSection
	GlobalSection(SolutionProperties) = preSolution
		HideSolutionNode = FALSE
	EndGlobalSection
	GlobalSection(ExtensibilityGlobals) = postSolution
		SolutionGuid = {5BB4E9E0-A5F0-418D-A313-A786C7572ADF}
	EndGlobalSection
EndGlobal
